PODS:
  - BrowsePictureViewController (1.0.4):
    - Masonry
    - pop
  - Masonry (0.6.4)
  - pop (1.0.9)

DEPENDENCIES:
  - BrowsePictureViewController (from `../`)

EXTERNAL SOURCES:
  BrowsePictureViewController:
    :path: "../"

SPEC CHECKSUMS:
  BrowsePictureViewController: 7c5c6f2990c10431ff9807b48926fda8c8cb323b
  Masonry: 281802d04d787ea2973179ee8bcb50500579ede2
  pop: f667631a5108a2e60d9e8797c9b32ddaf2080bce

COCOAPODS: 0.39.0
